
Microsoft Visual Studio Solution File, Format Version 12.00
# Visual Studio Version 16
VisualStudioVersion = 16.0.31112.23
MinimumVisualStudioVersion = 10.0.40219.1
Project("{FAE04EC0-301F-11D3-BF4B-00C04F79EFBC}") = "GarbageCollector", "GarbageCollector\GarbageCollector.csproj", "{43FD4E94-DCB3-4AA6-A66D-8918D29B9B59}"
EndProject
Global
	GlobalSection(SolutionConfigurationPlatforms) = preSolution
		Debug|Any CPU = Debug|Any CPU
		Release|Any CPU = Release|Any CPU
	EndGlobalSection
	GlobalSection(ProjectConfigurationPlatforms) = postSolution
		{43FD4E94-DCB3-4AA6-A66D-8918D29B9B59}.Debug|Any CPU.ActiveCfg = Debug|Any CPU
		{43FD4E94-DCB3-4AA6-A66D-8918D29B9B59}.Debug|Any CPU.Build.0 = Debug|Any CPU
		{43FD4E94-DCB3-4AA6-A66D-8918D29B9B59}.Release|Any CPU.ActiveCfg = Release|Any CPU
		{43FD4E94-DCB3-4AA6-A66D-8918D29B9B59}.Release|Any CPU.Build.0 = Release|Any CPU
	EndGlobalSection
	GlobalSection(SolutionProperties) = preSolution
		HideSolutionNode = FALSE
	EndGlobalSection
	GlobalSection(ExtensibilityGlobals) = postSolution
		SolutionGuid = {6544C980-6C26-4479-B2ED-9586BD99168C}
	EndGlobalSection
EndGlobal
