
Microsoft Visual Studio Solution File, Format Version 12.00
# Visual Studio Version 16
VisualStudioVersion = 16.0.31112.23
MinimumVisualStudioVersion = 10.0.40219.1
Project("{FAE04EC0-301F-11D3-BF4B-00C04F79EFBC}") = "GarbageCollector", "GarbageCollector\GarbageCollector.csproj", "{64BA7F1B-A5E0-46F8-B521-9DA0A1792FF0}"
EndProject
Global
	GlobalSection(SolutionConfigurationPlatforms) = preSolution
		Debug|Any CPU = Debug|Any CPU
		Release|Any CPU = Release|Any CPU
	EndGlobalSection
	GlobalSection(ProjectConfigurationPlatforms) = postSolution
		{64BA7F1B-A5E0-46F8-B521-9DA0A1792FF0}.Debug|Any CPU.ActiveCfg = Debug|Any CPU
		{64BA7F1B-A5E0-46F8-B521-9DA0A1792FF0}.Debug|Any CPU.Build.0 = Debug|Any CPU
		{64BA7F1B-A5E0-46F8-B521-9DA0A1792FF0}.Release|Any CPU.ActiveCfg = Release|Any CPU
		{64BA7F1B-A5E0-46F8-B521-9DA0A1792FF0}.Release|Any CPU.Build.0 = Release|Any CPU
	EndGlobalSection
	GlobalSection(SolutionProperties) = preSolution
		HideSolutionNode = FALSE
	EndGlobalSection
	GlobalSection(ExtensibilityGlobals) = postSolution
		SolutionGuid = {033E2ADB-A37E-423F-8283-930169EE92CD}
	EndGlobalSection
EndGlobal
